<?xml version="1.0" encoding="utf-8"?>
<Project ToolsVersion="4.0" xmlns="http://schemas.microsoft.com/developer/msbuild/2003">
  <ItemGroup>
    <FxCompile Include="Resources\Shaders\BoxFilter.PS.hlsl" />
    <FxCompile Include="Resources\Shaders\CopyImage.PS.hlsl" />
    <FxCompile Include="Resources\Shaders\DepthBasedOutline.PS.hlsl" />
    <FxCompile Include="Resources\Shaders\Dissolve.PS.hlsl" />
    <FxCompile Include="Resources\Shaders\Fullscreen.VS.hlsl" />
    <FxCompile Include="Resources\Shaders\GaussianFilter.PS.hlsl" />
    <FxCompile Include="Resources\Shaders\Grayscale.PS.hlsl" />
    <FxCompile Include="Resources\Shaders\LuminanceBasedOutline.PS.hlsl" />
    <FxCompile Include="Resources\Shaders\Object2D.PS.hlsl" />
    <FxCompile Include="Resources\Shaders\Object2D.VS.hlsl" />
    <FxCompile Include="Resources\Shaders\Object3D.PS.hlsl" />
    <FxCompile Include="Resources\Shaders\Object3D.VS.hlsl" />
    <FxCompile Include="Resources\Shaders\Object3DUnTex.PS.hlsl" />
    <FxCompile Include="Resources\Shaders\Particle.PS.hlsl" />
    <FxCompile Include="Resources\Shaders\Particle.VS.hlsl" />
    <FxCompile Include="Resources\Shaders\PhongReflection.PS.hlsl" />
    <FxCompile Include="Resources\Shaders\PhongReflection.VS.hlsl" />
    <FxCompile Include="Resources\Shaders\Primitive.PS.hlsl" />
    <FxCompile Include="Resources\Shaders\Primitive.VS.hlsl" />
    <FxCompile Include="Resources\Shaders\RadialBlur.PS.hlsl" />
    <FxCompile Include="Resources\Shaders\SepiaTone.PS.hlsl" />
    <FxCompile Include="Resources\Shaders\SkinningObject3D.VS.hlsl" />
    <FxCompile Include="Resources\Shaders\Vignette.PS.hlsl" />
    <FxCompile Include="Resources\Shaders\Skinning.CS.hlsl" />
  </ItemGroup>
  <ItemGroup>
    <ClCompile Include="Engine\DXLib\DXShaderCompiler\DXShaderCompiler.cpp" />
    <ClCompile Include="Engine\DXLib\DXOffscreenRender\DXOffscreenRender.cpp" />
    <ClCompile Include="Engine\DXLib\DXConstBuffer\CameraObject\CameraObject.cpp" />
    <ClCompile Include="Engine\DXLib\DXConstBuffer\Base\DXConstBuffer.cpp" />
    <ClCompile Include="Engine\DXLib\DXConstBuffer\LightObject\LightObject.cpp" />
    <ClCompile Include="Engine\DXLib\DXConstBuffer\IndexObject\IndexObject.cpp" />
    <ClCompile Include="Engine\Externals\MagAudio\MagAudio.cpp" />
    <ClCompile Include="Managers\JsonManager\JsonManager.cpp" />
    <ClCompile Include="Managers\DXConstBufferManager\DXConstBufferManager.cpp" />
    <ClCompile Include="Lib\MyMath\MyMath.cpp" />
    <ClCompile Include="Engine\DXLib\DXConstBuffer\MaterialObject\MaterialObject.cpp" />
    <ClCompile Include="Engine\Audio\Audio.cpp" />
    <ClCompile Include="Engine\Base\DXCommon\DXCommon.cpp" />
    <ClCompile Include="Engine\Base\NewMoon\NewMoon.cpp" />
    <ClCompile Include="Engine\Input\Input.cpp" />
    <ClCompile Include="Lib\MainCamera2D\MainCamera2D.cpp" />
    <ClCompile Include="3D\Model\Model.cpp" />
    <ClCompile Include="Managers\ModelManager\ModelManager.cpp" />
    <ClCompile Include="Managers\ParticleManager\ParticleManager.cpp" />
    <ClCompile Include="Engine\DXLib\DXConstBuffer\MatrixObject\MatrixObject.cpp" />
    <ClCompile Include="Objects\ParticleEmitter\ParticleEmitter.cpp" />
    <ClCompile Include="Managers\RtvManager\RtvManager.cpp" />
    <ClCompile Include="Lib\Quaternion\Quaternion.cpp" />
    <ClCompile Include="3D\PrimitiveDrawer\PrimitiveDrawer.cpp" />
    <ClCompile Include="Scenes\ResultScene\ResultScene.cpp" />
    <ClCompile Include="Scenes\SceneMethods\SceneFactory\SceneFactory.cpp" />
    <ClCompile Include="Scenes\SceneMethods\IScene\IScene.cpp" />
    <ClCompile Include="Managers\SceneManager\SceneManager.cpp" />
    <ClCompile Include="Scenes\GameScene\GameScene.cpp" />
    <ClCompile Include="Lib\MainCamera3D\MainCamera3D.cpp" />
    <ClCompile Include="Engine\DXLib\DXDepthStencil\DXDepthStencil.cpp" />
    <ClCompile Include="Engine\DXLib\DXBlendState\DXBlendState.cpp" />
    <ClCompile Include="Engine\DXLib\DXInputLayout\DXInputLayout.cpp" />
    <ClCompile Include="Engine\DXLib\DXDescriptor\DXDescriptor.cpp" />
    <ClCompile Include="Engine\DXLib\DXDevice\DXDevice.cpp" />
    <ClCompile Include="Engine\DXLib\DXSwapChain\DXSwapChain.cpp" />
    <ClCompile Include="Engine\DXLib\DXRootSignature\DXRootSignature.cpp" />
    <ClCompile Include="Engine\DXLib\DXRasterizerState\DXRasterizerState.cpp" />
    <ClCompile Include="Engine\Externals\imgui\imgui.cpp" />
    <ClCompile Include="Engine\Externals\imgui\imgui_demo.cpp" />
    <ClCompile Include="Engine\Externals\imgui\imgui_draw.cpp" />
    <ClCompile Include="Engine\Externals\imgui\imgui_impl_dx12.cpp" />
    <ClCompile Include="Engine\Externals\imgui\imgui_impl_win32.cpp" />
    <ClCompile Include="Engine\Externals\imgui\imgui_tables.cpp" />
    <ClCompile Include="Engine\Externals\imgui\imgui_widgets.cpp" />
    <ClCompile Include="Managers\ImGuiManager\ImGuiManager.cpp" />
    <ClCompile Include="Lib\Logger\Logger.cpp" />
    <ClCompile Include="main.cpp" />
    <ClCompile Include="Engine\Base\WinApp\WinApp.cpp" />
    <ClCompile Include="Managers\PipelineManager\PipelineManager.cpp" />
    <ClCompile Include="Lib\Vector\Vector3.cpp" />
    <ClCompile Include="Lib\Vector\Vector4.cpp" />
    <ClCompile Include="Lib\Vector\Vector2.cpp" />
    <ClCompile Include="Lib\Matrix\Matrix4x4.cpp" />
    <ClCompile Include="Engine\DXLib\VertexResource\VertexResource.cpp" />
    <ClCompile Include="Managers\TextureManager\TextureManager.cpp" />
    <ClCompile Include="2D\Sprite\Sprite.cpp" />
    <ClCompile Include="Managers\SrvManager\SrvManager.cpp" />
    <ClCompile Include="Scenes\TitleScene\TitleScene.cpp" />
    <ClCompile Include="Scenes\TutorialScene\TutorialScene.cpp" />
    <ClCompile Include="Scenes\SelectScene\SelectScene.cpp" />
    <ClCompile Include="Engine\DXLib\DXConstBuffer\WorldTransform\WorldTransform.cpp" />
    <ClCompile Include="3D\Triangle\Triangle.cpp" />
    <ClCompile Include="Engine\DXLib\DXConstBuffer\VertexObject\VertexObject.cpp" />
    <ClCompile Include="3D\Sphere\Sphere.cpp" />
  </ItemGroup>
  <ItemGroup>
    <ClInclude Include="Engine\DXLib\DXShaderCompiler\DXShaderCompiler.h" />
    <ClInclude Include="Engine\DXLib\DXOffscreenRender\DXOffscreenRender.h" />
    <ClInclude Include="Engine\DXLib\DXConstBuffer\CameraObject\CameraObject.h" />
    <ClInclude Include="Engine\DXLib\DXConstBuffer\IndexObject\IndexObject.h" />
    <ClInclude Include="Engine\Externals\MagAudio\MagAudio.h" />
    <ClInclude Include="Managers\JsonManager\JsonManager.h" />
    <ClInclude Include="Managers\DXConstBufferManager\DXConstBufferManager.h" />
    <ClInclude Include="Engine\DXLib\DXConstBuffer\Base\DXConstBuffer.h" />
    <ClInclude Include="Engine\DXLib\DXConstBuffer\LightObject\LightObject.h" />
    <ClInclude Include="Lib\MyMath\MyMath.h" />
    <ClInclude Include="Engine\DXLib\DXConstBuffer\MaterialObject\MaterialObject.h" />
    <ClInclude Include="Engine\Audio\Audio.h" />
    <ClInclude Include="Engine\Base\DXCommon\DXCommon.h" />
    <ClInclude Include="Engine\Base\WinApp\WinApp.h" />
    <ClInclude Include="Engine\Base\NewMoon\NewMoon.h" />
    <ClInclude Include="Engine\DXLib\PipelineStateStructure\PipelineStateStructure.h" />
    <ClInclude Include="Engine\Input\Input.h" />
    <ClInclude Include="Lib\MainCamera2D\MainCamera2D.h" />
    <ClInclude Include="Lib\Matrix\Matrix3x3.h" />
    <ClInclude Include="3D\Model\Model.h" />
    <ClInclude Include="Managers\ModelManager\ModelManager.h" />
    <ClInclude Include="Managers\ParticleManager\ParticleManager.h" />
    <ClInclude Include="Engine\DXLib\DXConstBuffer\MatrixObject\MatrixObject.h" />
    <ClInclude Include="Objects\ParticleEmitter\ParticleEmitter.h" />
    <ClInclude Include="Managers\RtvManager\RtvManager.h" />
    <ClInclude Include="Lib\Quaternion\Quaternion.h" />
    <ClInclude Include="3D\PrimitiveDrawer\PrimitiveDrawer.h" />
    <ClInclude Include="Scenes\ResultScene\ResultScene.h" />
    <ClInclude Include="Scenes\SceneMethods\SceneFactory\SceneFactory.h" />
    <ClInclude Include="Scenes\SceneMethods\AbstractSceneFactory\AbstractSceneFactory.h" />
    <ClInclude Include="Scenes\SceneMethods\IScene\IScene.h" />
    <ClInclude Include="Managers\SceneManager\SceneManager.h" />
    <ClInclude Include="Scenes\GameScene\GameScene.h" />
    <ClInclude Include="Lib\MainCamera3D\MainCamera3D.h" />
    <ClInclude Include="Engine\DXLib\CBufferStructure\CBufferStructure.h" />
    <ClInclude Include="Engine\DXLib\DXDepthStencil\DXDepthStencil.h" />
    <ClInclude Include="Engine\DXLib\DXBlendState\DXBlendState.h" />
    <ClInclude Include="Engine\DXLib\DXInputLayout\DXInputLayout.h" />
    <ClInclude Include="Engine\DXLib\DXDescriptor\DXDescriptor.h" />
    <ClInclude Include="Engine\DXLib\DXDevice\DXDevice.h" />
    <ClInclude Include="Engine\DXLib\DXSwapChain\DXSwapChain.h" />
    <ClInclude Include="Engine\DXLib\DXRootSignature\DXRootSignature.h" />
    <ClInclude Include="Engine\DXLib\DXRasterizerState\DXRasterizerState.h" />
    <ClInclude Include="Engine\Externals\imgui\imconfig.h" />
    <ClInclude Include="Engine\Externals\imgui\imgui.h" />
    <ClInclude Include="Engine\Externals\imgui\imgui_impl_dx12.h" />
    <ClInclude Include="Engine\Externals\imgui\imgui_impl_win32.h" />
    <ClInclude Include="Engine\Externals\imgui\imgui_internal.h" />
    <ClInclude Include="Engine\Externals\imgui\imstb_rectpack.h" />
    <ClInclude Include="Engine\Externals\imgui\imstb_textedit.h" />
    <ClInclude Include="Engine\Externals\imgui\imstb_truetype.h" />
    <ClInclude Include="Managers\ImGuiManager\ImGuiManager.h" />
    <ClInclude Include="Engine\DXLib\ComPtr\ComPtr.h" />
    <ClInclude Include="Lib\Logger\Logger.h" />
    <ClInclude Include="Managers\PipelineManager\PipelineManager.h" />
    <ClInclude Include="Lib\Vector\Vector3.h" />
    <ClInclude Include="Lib\Vector\Vector4.h" />
    <ClInclude Include="Lib\Vector\Vector2.h" />
    <ClInclude Include="Lib\Matrix\Matrix4x4.h" />
    <ClInclude Include="Engine\DXLib\VertexResource\VertexResource.h" />
    <ClInclude Include="Managers\TextureManager\TextureManager.h" />
    <ClInclude Include="2D\Sprite\Sprite.h" />
    <ClInclude Include="Managers\SrvManager\SrvManager.h" />
    <ClInclude Include="Scenes\TitleScene\TitleScene.h" />
    <ClInclude Include="Scenes\TutorialScene\TutorialScene.h" />
    <ClInclude Include="Scenes\SelectScene\SelectScene.h" />
    <ClInclude Include="Engine\DXLib\DXConstBuffer\WorldTransform\WorldTransform.h" />
    <ClInclude Include="3D\Triangle\Triangle.h" />
    <ClInclude Include="Engine\DXLib\DXConstBuffer\VertexObject\VertexObject.h" />
    <ClInclude Include="3D\Sphere\Sphere.h" />
  </ItemGroup>
  <ItemGroup>
    <None Include="Resources\Shaders\Fullscreen.hlsli" />
    <None Include="Resources\Shaders\Object2D.hlsli" />
    <None Include="Resources\Shaders\Object3D.hlsli" />
    <None Include="Resources\Shaders\Particle.hlsli" />
    <None Include="Resources\Shaders\PhongReflection.hlsli" />
  </ItemGroup>
  <ItemGroup>
    <Text Include="Engine\Externals\imgui\LICENSE.txt" />
    <Text Include="Engine\Reference\Reference.md" />
  </ItemGroup>
</Project>