<?xml version="1.0" encoding="utf-8"?>
<Project ToolsVersion="4.0" xmlns="http://schemas.microsoft.com/developer/msbuild/2003">
  <ItemGroup>
    <FxCompile Include="Resources\Shaders\BoxFilter.PS.hlsl" />
    <FxCompile Include="Resources\Shaders\CopyImage.PS.hlsl" />
    <FxCompile Include="Resources\Shaders\DepthBasedOutline.PS.hlsl" />
    <FxCompile Include="Resources\Shaders\Dissolve.PS.hlsl" />
    <FxCompile Include="Resources\Shaders\Fullscreen.VS.hlsl" />
    <FxCompile Include="Resources\Shaders\GaussianFilter.PS.hlsl" />
    <FxCompile Include="Resources\Shaders\Grayscale.PS.hlsl" />
    <FxCompile Include="Resources\Shaders\LuminanceBasedOutline.PS.hlsl" />
    <FxCompile Include="Resources\Shaders\Object2D.PS.hlsl" />
    <FxCompile Include="Resources\Shaders\Object2D.VS.hlsl" />
    <FxCompile Include="Resources\Shaders\Object3D.PS.hlsl" />
    <FxCompile Include="Resources\Shaders\Object3D.VS.hlsl" />
    <FxCompile Include="Resources\Shaders\Object3DUnTex.PS.hlsl" />
    <FxCompile Include="Resources\Shaders\Particle.PS.hlsl" />
    <FxCompile Include="Resources\Shaders\Particle.VS.hlsl" />
    <FxCompile Include="Resources\Shaders\PhongReflection.PS.hlsl" />
    <FxCompile Include="Resources\Shaders\PhongReflection.VS.hlsl" />
    <FxCompile Include="Resources\Shaders\Primitive.PS.hlsl" />
    <FxCompile Include="Resources\Shaders\Primitive.VS.hlsl" />
    <FxCompile Include="Resources\Shaders\RadialBlur.PS.hlsl" />
    <FxCompile Include="Resources\Shaders\SepiaTone.PS.hlsl" />
    <FxCompile Include="Resources\Shaders\SkinningObject3D.VS.hlsl" />
    <FxCompile Include="Resources\Shaders\Vignette.PS.hlsl" />
    <FxCompile Include="Resources\Shaders\Skinning.CS.hlsl" />
    <FxCompile Include="Resources\Shaders\PrimitiveLine.VS.hlsl" />
    <FxCompile Include="Resources\Shaders\PrimitiveLine.PS.hlsl" />
    <FxCompile Include="Resources\Shaders\WakeBoard.VS.hlsl" />
  </ItemGroup>
  <ItemGroup>
    <ClCompile Include="Engine\MyDirectXClass\Pipeline\DXShaderCompiler.cpp" />
    <ClCompile Include="Engine\MyDirectXClass\DXOffscreenRender.cpp" />
    <ClCompile Include="Game\Components\CameraObject.cpp" />
    <ClCompile Include="Engine\MyDirectXClass\DXConstBuffer.cpp" />
    <ClCompile Include="Game\Components\LightObject.cpp" />
    <ClCompile Include="Game\Components\IndexObject.cpp" />
    <ClCompile Include="Externals\MagAudio\MagAudio.cpp" />
    <ClCompile Include="Lib\Adapter\JsonAdapter.cpp" />
    <ClCompile Include="Engine\Managers\DXConstBufferManager.cpp" />
    <ClCompile Include="Lib\Math\Math.cpp" />
    <ClCompile Include="Game\Components\MaterialObject.cpp" />
    <ClCompile Include="Engine\Methods\Audio.cpp" />
    <ClCompile Include="Engine\Base\DXCommon.cpp" />
    <ClCompile Include="Engine\Base\NewMoon.cpp" />
    <ClCompile Include="Engine\Methods\Input.cpp" />
    <ClCompile Include="Lib\Camera\Camera2D.cpp" />
    <ClCompile Include="Game\3D\Model.cpp" />
    <ClCompile Include="Engine\Managers\ModelManager.cpp" />
    <ClCompile Include="Game\Managers\ParticleManager.cpp" />
    <ClCompile Include="Game\Components\MatrixObject.cpp" />
    <ClCompile Include="Game\3D\ParticleEmitter.cpp" />
    <ClCompile Include="Engine\Managers\RtvManager.cpp" />
    <ClCompile Include="Lib\Math\Quaternion.cpp" />
    <ClCompile Include="Game\3D\PrimitiveDrawer.cpp" />
    <ClCompile Include="Game\Scenes\Methods\SceneFactory.cpp" />
    <ClCompile Include="Game\Scenes\Methods\IScene.cpp" />
    <ClCompile Include="Game\Managers\SceneManager.cpp" />
    <ClCompile Include="Game\Scenes\GameScene.cpp" />
    <ClCompile Include="Lib\Camera\Camera3D.cpp" />
    <ClCompile Include="Engine\MyDirectXClass\Pipeline\DXDepthStencil.cpp" />
    <ClCompile Include="Engine\MyDirectXClass\Pipeline\DXBlendState.cpp" />
    <ClCompile Include="Engine\MyDirectXClass\Pipeline\DXInputLayout.cpp" />
    <ClCompile Include="Engine\MyDirectXClass\DXDescriptor.cpp" />
    <ClCompile Include="Engine\MyDirectXClass\DXDevice.cpp" />
    <ClCompile Include="Engine\MyDirectXClass\DXSwapChain.cpp" />
    <ClCompile Include="Engine\MyDirectXClass\Pipeline\DXRootSignature.cpp" />
    <ClCompile Include="Engine\MyDirectXClass\Pipeline\DXRasterizerState.cpp" />
    <ClCompile Include="Externals\imgui\imgui.cpp" />
    <ClCompile Include="Externals\imgui\imgui_demo.cpp" />
    <ClCompile Include="Externals\imgui\imgui_draw.cpp" />
    <ClCompile Include="Externals\imgui\imgui_impl_dx12.cpp" />
    <ClCompile Include="Externals\imgui\imgui_impl_win32.cpp" />
    <ClCompile Include="Externals\imgui\imgui_tables.cpp" />
    <ClCompile Include="Externals\imgui\imgui_widgets.cpp" />
    <ClCompile Include="Engine\Managers\ImGuiManager.cpp" />
    <ClCompile Include="Engine\MyDirectXClass\Logger.cpp" />
    <ClCompile Include="main.cpp" />
    <ClCompile Include="Engine\Base\WinApp.cpp" />
    <ClCompile Include="Engine\Managers\PipelineManager.cpp" />
    <ClCompile Include="Lib\Math\Vector3.cpp" />
    <ClCompile Include="Lib\Math\Vector4.cpp" />
    <ClCompile Include="Lib\Math\Vector2.cpp" />
    <ClCompile Include="Lib\Math\Matrix4x4.cpp" />
    <ClCompile Include="Engine\MyDirectXClass\VertexResource.cpp" />
    <ClCompile Include="Engine\Managers\TextureManager.cpp" />
    <ClCompile Include="Game\2D\Sprite.cpp" />
    <ClCompile Include="Engine\Managers\SrvManager.cpp" />
    <ClCompile Include="Game\Components\WorldTransform.cpp" />
    <ClCompile Include="Game\3D\Triangle.cpp" />
    <ClCompile Include="Game\Components\VertexObject.cpp" />
    <ClCompile Include="Game\3D\Sphere.cpp" />
    <ClCompile Include="Game\3D\Particle.cpp" />
    <ClCompile Include="Game\Managers\CameraManager.cpp" />
    <ClCompile Include="Game\Managers\LightManager.cpp" />
    <ClCompile Include="Game\Editor\RailEditor.cpp" />
    <ClCompile Include="Engine\Base\NewMoonGame.cpp" />
    <ClCompile Include="Lib\Camera\DebugCamera.cpp" />
    <ClCompile Include="Game\3D\Base\BaseModel.cpp" />
    <ClCompile Include="Game\Components\WaveBuffer.cpp" />
    <ClCompile Include="Lib\Camera\RailCamera.cpp" />
    <ClCompile Include="Game\Enetities\Player.cpp" />
    <ClCompile Include="Game\Scenes\TitleScene.cpp" />
    <ClCompile Include="Game\Components\BaseTransform.cpp" />
    <ClCompile Include="Game\Components\AnimationTransform.cpp" />
    <ClCompile Include="Game\3D\AnimationModel.cpp" />
    <ClCompile Include="Game\3D\Base\BaseGameObject.cpp" />
    <ClCompile Include="Game\Editor\UIEditor.cpp" />
    <ClCompile Include="Game\Enetities\Rail.cpp" />
    <ClCompile Include="Game\Objects\Skydome.cpp" />
  </ItemGroup>
  <ItemGroup>
    <ClInclude Include="Engine\MyDirectXClass\Pipeline\DXShaderCompiler.h" />
    <ClInclude Include="Engine\MyDirectXClass\DXOffscreenRender.h" />
    <ClInclude Include="Game\Components\CameraObject.h" />
    <ClInclude Include="Game\Components\IndexObject.h" />
    <ClInclude Include="Externals\MagAudio\MagAudio.h" />
    <ClInclude Include="Lib\Adapter\JsonAdapter.h" />
    <ClInclude Include="Engine\Managers\DXConstBufferManager.h" />
    <ClInclude Include="Engine\MyDirectXClass\DXConstBuffer.h" />
    <ClInclude Include="Game\Components\LightObject.h" />
    <ClInclude Include="Lib\Math\Math.h" />
    <ClInclude Include="Game\Components\MaterialObject.h" />
    <ClInclude Include="Engine\Methods\Audio.h" />
    <ClInclude Include="Engine\Base\DXCommon.h" />
    <ClInclude Include="Engine\Base\WinApp.h" />
    <ClInclude Include="Engine\Base\NewMoon.h" />
    <ClInclude Include="Engine\MyDirectXClass\Pipeline\PipelineStateStructure.h" />
    <ClInclude Include="Engine\Methods\Input.h" />
    <ClInclude Include="Lib\Camera\Camera2D.h" />
    <ClInclude Include="Lib\Math\Matrix3x3.h" />
    <ClInclude Include="Game\3D\Model.h" />
    <ClInclude Include="Engine\Managers\ModelManager.h" />
    <ClInclude Include="Game\Managers\ParticleManager.h" />
    <ClInclude Include="Game\Components\MatrixObject.h" />
    <ClInclude Include="Game\3D\ParticleEmitter.h" />
    <ClInclude Include="Engine\Managers\RtvManager.h" />
    <ClInclude Include="Lib\Math\Quaternion.h" />
    <ClInclude Include="Game\3D\PrimitiveDrawer.h" />
    <ClInclude Include="Game\Scenes\Methods\SceneFactory.h" />
    <ClInclude Include="Game\Scenes\Methods\IScene.h" />
    <ClInclude Include="Game\Managers\SceneManager.h" />
    <ClInclude Include="Game\Scenes\GameScene.h" />
    <ClInclude Include="Lib\Camera\Camera3D.h" />
    <ClInclude Include="Lib\Structure.h" />
    <ClInclude Include="Engine\MyDirectXClass\Pipeline\DXDepthStencil.h" />
    <ClInclude Include="Engine\MyDirectXClass\Pipeline\DXBlendState.h" />
    <ClInclude Include="Engine\MyDirectXClass\Pipeline\DXInputLayout.h" />
    <ClInclude Include="Engine\MyDirectXClass\DXDescriptor.h" />
    <ClInclude Include="Engine\MyDirectXClass\DXDevice.h" />
    <ClInclude Include="Engine\MyDirectXClass\DXSwapChain.h" />
    <ClInclude Include="Engine\MyDirectXClass\Pipeline\DXRootSignature.h" />
    <ClInclude Include="Engine\MyDirectXClass\Pipeline\DXRasterizerState.h" />
    <ClInclude Include="Externals\imgui\imconfig.h" />
    <ClInclude Include="Externals\imgui\imgui.h" />
    <ClInclude Include="Externals\imgui\imgui_impl_dx12.h" />
    <ClInclude Include="Externals\imgui\imgui_impl_win32.h" />
    <ClInclude Include="Externals\imgui\imgui_internal.h" />
    <ClInclude Include="Externals\imgui\imstb_rectpack.h" />
    <ClInclude Include="Externals\imgui\imstb_textedit.h" />
    <ClInclude Include="Externals\imgui\imstb_truetype.h" />
    <ClInclude Include="Engine\Managers\ImGuiManager.h" />
    <ClInclude Include="Engine\MyDirectXClass\ComPtr.h" />
    <ClInclude Include="Engine\MyDirectXClass\Logger.h" />
    <ClInclude Include="Engine\Managers\PipelineManager.h" />
    <ClInclude Include="Lib\Math\Vector3.h" />
    <ClInclude Include="Lib\Math\Vector4.h" />
    <ClInclude Include="Lib\Math\Vector2.h" />
    <ClInclude Include="Lib\Math\Matrix4x4.h" />
    <ClInclude Include="Engine\MyDirectXClass\VertexResource.h" />
    <ClInclude Include="Game\2D\Sprite.h" />
    <ClInclude Include="Engine\Managers\SrvManager.h" />
    <ClInclude Include="Game\Components\WorldTransform.h" />
    <ClInclude Include="Game\3D\Triangle.h" />
    <ClInclude Include="Game\Components\VertexObject.h" />
    <ClInclude Include="Game\3D\Sphere.h" />
    <ClInclude Include="Game\3D\Particle.h" />
    <ClInclude Include="Engine\Managers\TextureManager.h" />
    <ClInclude Include="Game\Managers\CameraManager.h" />
    <ClInclude Include="Game\Managers\LightManager.h" />
    <ClInclude Include="Game\Editor\RailEditor.h" />
    <ClInclude Include="Engine\Base\NewMoonGame.h" />
    <ClInclude Include="Engine\Methods\ScreenDimensions.h" />
    <ClInclude Include="Lib\Camera\DebugCamera.h" />
    <ClInclude Include="Game\3D\Base\BaseModel.h" />
    <ClInclude Include="Game\Components\WaveBuffer.h" />
    <ClInclude Include="Lib\Camera\RailCamera.h" />
    <ClInclude Include="Game\Enetities\Player.h" />
    <ClInclude Include="Game\Scenes\TitleScene.h" />
    <ClInclude Include="Game\Components\BaseTransform.h" />
    <ClInclude Include="Game\Components\AnimationTransform.h" />
    <ClInclude Include="Game\3D\AnimationModel.h" />
    <ClInclude Include="Game\3D\Base\BaseGameObject.h" />
    <ClInclude Include="Game\Editor\UIEditor.h" />
    <ClInclude Include="Game\Enetities\Rail.h" />
    <ClInclude Include="Game\Objects\Skydome.h" />
  </ItemGroup>
  <ItemGroup>
    <None Include="Resources\Shaders\Fullscreen.hlsli" />
    <None Include="Resources\Shaders\Object2D.hlsli" />
    <None Include="Resources\Shaders\Object3D.hlsli" />
    <None Include="Resources\Shaders\Particle.hlsli" />
    <None Include="Resources\Shaders\PhongReflection.hlsli" />
    <None Include="Resources\Shaders\WakeBoard.hlsli" />
  </ItemGroup>
  <ItemGroup>
    <Text Include="Externals\imgui\LICENSE.txt" />
  </ItemGroup>
</Project>